
Microsoft Visual Studio Solution File, Format Version 12.00
# Visual Studio Version 17
VisualStudioVersion = 17.9.34728.123
MinimumVisualStudioVersion = 10.0.40219.1
Project("{FAE04EC0-301F-11D3-BF4B-00C04F79EFBC}") = "Bar_OO", "Bar_OO\Bar_OO.csproj", "{7212B102-E696-46E6-B556-CE9DD67A523F}"
EndProject
Global
	GlobalSection(SolutionConfigurationPlatforms) = preSolution
		Debug|Any CPU = Debug|Any CPU
		Release|Any CPU = Release|Any CPU
	EndGlobalSection
	GlobalSection(ProjectConfigurationPlatforms) = postSolution
		{7212B102-E696-46E6-B556-CE9DD67A523F}.Debug|Any CPU.ActiveCfg = Debug|Any CPU
		{7212B102-E696-46E6-B556-CE9DD67A523F}.Debug|Any CPU.Build.0 = Debug|Any CPU
		{7212B102-E696-46E6-B556-CE9DD67A523F}.Release|Any CPU.ActiveCfg = Release|Any CPU
		{7212B102-E696-46E6-B556-CE9DD67A523F}.Release|Any CPU.Build.0 = Release|Any CPU
	EndGlobalSection
	GlobalSection(SolutionProperties) = preSolution
		HideSolutionNode = FALSE
	EndGlobalSection
	GlobalSection(ExtensibilityGlobals) = postSolution
		SolutionGuid = {E85E30E3-D355-4A8B-A8DF-78685DF7B609}
	EndGlobalSection
EndGlobal
